
Microsoft Visual Studio Solution File, Format Version 12.00
# Visual Studio Version 16
VisualStudioVersion = 16.0.31911.196
MinimumVisualStudioVersion = 10.0.40219.1
Project("{FAE04EC0-301F-11D3-BF4B-00C04F79EFBC}") = "Notes.Android", "Notes\Notes.Android\Notes.Android.csproj", "{4C028595-C015-4304-A851-7956005FA113}"
EndProject
Project("{FAE04EC0-301F-11D3-BF4B-00C04F79EFBC}") = "Notes.iOS", "Notes\Notes.iOS\Notes.iOS.csproj", "{4FA1A40A-A9D3-48E1-B775-27374DA39982}"
EndProject
Project("{FAE04EC0-301F-11D3-BF4B-00C04F79EFBC}") = "Notes", "Notes\Notes\Notes.csproj", "{86D536F3-6F36-4C80-ABA2-B9BC40B9B020}"
EndProject
Global
	GlobalSection(SolutionConfigurationPlatforms) = preSolution
		Debug|Any CPU = Debug|Any CPU
		Debug|iPhone = Debug|iPhone
		Debug|iPhoneSimulator = Debug|iPhoneSimulator
		Release|Any CPU = Release|Any CPU
		Release|iPhone = Release|iPhone
		Release|iPhoneSimulator = Release|iPhoneSimulator
	EndGlobalSection
	GlobalSection(ProjectConfigurationPlatforms) = postSolution
		{4C028595-C015-4304-A851-7956005FA113}.Debug|Any CPU.ActiveCfg = Debug|Any CPU
		{4C028595-C015-4304-A851-7956005FA113}.Debug|Any CPU.Build.0 = Debug|Any CPU
		{4C028595-C015-4304-A851-7956005FA113}.Debug|Any CPU.Deploy.0 = Debug|Any CPU
		{4C028595-C015-4304-A851-7956005FA113}.Debug|iPhone.ActiveCfg = Debug|Any CPU
		{4C028595-C015-4304-A851-7956005FA113}.Debug|iPhone.Build.0 = Debug|Any CPU
		{4C028595-C015-4304-A851-7956005FA113}.Debug|iPhone.Deploy.0 = Debug|Any CPU
		{4C028595-C015-4304-A851-7956005FA113}.Debug|iPhoneSimulator.ActiveCfg = Debug|Any CPU
		{4C028595-C015-4304-A851-7956005FA113}.Debug|iPhoneSimulator.Build.0 = Debug|Any CPU
		{4C028595-C015-4304-A851-7956005FA113}.Debug|iPhoneSimulator.Deploy.0 = Debug|Any CPU
		{4C028595-C015-4304-A851-7956005FA113}.Release|Any CPU.ActiveCfg = Release|Any CPU
		{4C028595-C015-4304-A851-7956005FA113}.Release|Any CPU.Build.0 = Release|Any CPU
		{4C028595-C015-4304-A851-7956005FA113}.Release|Any CPU.Deploy.0 = Release|Any CPU
		{4C028595-C015-4304-A851-7956005FA113}.Release|iPhone.ActiveCfg = Release|Any CPU
		{4C028595-C015-4304-A851-7956005FA113}.Release|iPhone.Build.0 = Release|Any CPU
		{4C028595-C015-4304-A851-7956005FA113}.Release|iPhone.Deploy.0 = Release|Any CPU
		{4C028595-C015-4304-A851-7956005FA113}.Release|iPhoneSimulator.ActiveCfg = Release|Any CPU
		{4C028595-C015-4304-A851-7956005FA113}.Release|iPhoneSimulator.Build.0 = Release|Any CPU
		{4C028595-C015-4304-A851-7956005FA113}.Release|iPhoneSimulator.Deploy.0 = Release|Any CPU
		{4FA1A40A-A9D3-48E1-B775-27374DA39982}.Debug|Any CPU.ActiveCfg = Debug|iPhone
		{4FA1A40A-A9D3-48E1-B775-27374DA39982}.Debug|Any CPU.Build.0 = Debug|iPhone
		{4FA1A40A-A9D3-48E1-B775-27374DA39982}.Debug|Any CPU.Deploy.0 = Debug|iPhone
		{4FA1A40A-A9D3-48E1-B775-27374DA39982}.Debug|iPhone.ActiveCfg = Debug|iPhone
		{4FA1A40A-A9D3-48E1-B775-27374DA39982}.Debug|iPhone.Build.0 = Debug|iPhone
		{4FA1A40A-A9D3-48E1-B775-27374DA39982}.Debug|iPhone.Deploy.0 = Debug|iPhone
		{4FA1A40A-A9D3-48E1-B775-27374DA39982}.Debug|iPhoneSimulator.ActiveCfg = Debug|iPhoneSimulator
		{4FA1A40A-A9D3-48E1-B775-27374DA39982}.Debug|iPhoneSimulator.Build.0 = Debug|iPhoneSimulator
		{4FA1A40A-A9D3-48E1-B775-27374DA39982}.Debug|iPhoneSimulator.Deploy.0 = Debug|iPhoneSimulator
		{4FA1A40A-A9D3-48E1-B775-27374DA39982}.Release|Any CPU.ActiveCfg = Release|iPhoneSimulator
		{4FA1A40A-A9D3-48E1-B775-27374DA39982}.Release|Any CPU.Build.0 = Release|iPhoneSimulator
		{4FA1A40A-A9D3-48E1-B775-27374DA39982}.Release|Any CPU.Deploy.0 = Release|iPhoneSimulator
		{4FA1A40A-A9D3-48E1-B775-27374DA39982}.Release|iPhone.ActiveCfg = Release|iPhone
		{4FA1A40A-A9D3-48E1-B775-27374DA39982}.Release|iPhone.Build.0 = Release|iPhone
		{4FA1A40A-A9D3-48E1-B775-27374DA39982}.Release|iPhone.Deploy.0 = Release|iPhone
		{4FA1A40A-A9D3-48E1-B775-27374DA39982}.Release|iPhoneSimulator.ActiveCfg = Release|iPhoneSimulator
		{4FA1A40A-A9D3-48E1-B775-27374DA39982}.Release|iPhoneSimulator.Build.0 = Release|iPhoneSimulator
		{4FA1A40A-A9D3-48E1-B775-27374DA39982}.Release|iPhoneSimulator.Deploy.0 = Release|iPhoneSimulator
		{86D536F3-6F36-4C80-ABA2-B9BC40B9B020}.Debug|Any CPU.ActiveCfg = Debug|Any CPU
		{86D536F3-6F36-4C80-ABA2-B9BC40B9B020}.Debug|Any CPU.Build.0 = Debug|Any CPU
		{86D536F3-6F36-4C80-ABA2-B9BC40B9B020}.Debug|Any CPU.Deploy.0 = Debug|Any CPU
		{86D536F3-6F36-4C80-ABA2-B9BC40B9B020}.Debug|iPhone.ActiveCfg = Debug|Any CPU
		{86D536F3-6F36-4C80-ABA2-B9BC40B9B020}.Debug|iPhone.Build.0 = Debug|Any CPU
		{86D536F3-6F36-4C80-ABA2-B9BC40B9B020}.Debug|iPhone.Deploy.0 = Debug|Any CPU
		{86D536F3-6F36-4C80-ABA2-B9BC40B9B020}.Debug|iPhoneSimulator.ActiveCfg = Debug|Any CPU
		{86D536F3-6F36-4C80-ABA2-B9BC40B9B020}.Debug|iPhoneSimulator.Build.0 = Debug|Any CPU
		{86D536F3-6F36-4C80-ABA2-B9BC40B9B020}.Debug|iPhoneSimulator.Deploy.0 = Debug|Any CPU
		{86D536F3-6F36-4C80-ABA2-B9BC40B9B020}.Release|Any CPU.ActiveCfg = Release|Any CPU
		{86D536F3-6F36-4C80-ABA2-B9BC40B9B020}.Release|Any CPU.Build.0 = Release|Any CPU
		{86D536F3-6F36-4C80-ABA2-B9BC40B9B020}.Release|Any CPU.Deploy.0 = Release|Any CPU
		{86D536F3-6F36-4C80-ABA2-B9BC40B9B020}.Release|iPhone.ActiveCfg = Release|Any CPU
		{86D536F3-6F36-4C80-ABA2-B9BC40B9B020}.Release|iPhone.Build.0 = Release|Any CPU
		{86D536F3-6F36-4C80-ABA2-B9BC40B9B020}.Release|iPhone.Deploy.0 = Release|Any CPU
		{86D536F3-6F36-4C80-ABA2-B9BC40B9B020}.Release|iPhoneSimulator.ActiveCfg = Release|Any CPU
		{86D536F3-6F36-4C80-ABA2-B9BC40B9B020}.Release|iPhoneSimulator.Build.0 = Release|Any CPU
		{86D536F3-6F36-4C80-ABA2-B9BC40B9B020}.Release|iPhoneSimulator.Deploy.0 = Release|Any CPU
	EndGlobalSection
	GlobalSection(SolutionProperties) = preSolution
		HideSolutionNode = FALSE
	EndGlobalSection
	GlobalSection(ExtensibilityGlobals) = postSolution
		SolutionGuid = {8F147F8E-EE82-4C6E-B4A6-2CFD993287CD}
	EndGlobalSection
EndGlobal
